
Microsoft Visual Studio Solution File, Format Version 12.00
# Visual Studio Version 16
VisualStudioVersion = 16.0.30907.101
MinimumVisualStudioVersion = 10.0.40219.1
Project("{FAE04EC0-301F-11D3-BF4B-00C04F79EFBC}") = "DiplomProject", "DiplomProject\DiplomProject.csproj", "{D7ED6A74-7EAB-4463-8B11-6F25CDCD0643}"
EndProject
Global
	GlobalSection(SolutionConfigurationPlatforms) = preSolution
		Debug|Any CPU = Debug|Any CPU
		Release|Any CPU = Release|Any CPU
	EndGlobalSection
	GlobalSection(ProjectConfigurationPlatforms) = postSolution
		{D7ED6A74-7EAB-4463-8B11-6F25CDCD0643}.Debug|Any CPU.ActiveCfg = Debug|Any CPU
		{D7ED6A74-7EAB-4463-8B11-6F25CDCD0643}.Debug|Any CPU.Build.0 = Debug|Any CPU
		{D7ED6A74-7EAB-4463-8B11-6F25CDCD0643}.Release|Any CPU.ActiveCfg = Release|Any CPU
		{D7ED6A74-7EAB-4463-8B11-6F25CDCD0643}.Release|Any CPU.Build.0 = Release|Any CPU
	EndGlobalSection
	GlobalSection(SolutionProperties) = preSolution
		HideSolutionNode = FALSE
	EndGlobalSection
	GlobalSection(ExtensibilityGlobals) = postSolution
		SolutionGuid = {B5C835CB-40AD-44B7-9230-E8A1CA51D8BC}
	EndGlobalSection
EndGlobal
